PODS:
  - MLNewBoxDependecy (0.0.1)
  - MLUI/CircleView (0.0.1):
    - MLUI/Core
  - MLUI/Core (0.0.1)
  - MLUI/RedCircleView (0.0.1):
    - MLNewBoxDependecy
    - MLUI/CircleView

DEPENDENCIES:
  - MLUI/CircleView (from `../`)
  - MLUI/Core (from `../`)
  - MLUI/RedCircleView (from `../`)

EXTERNAL SOURCES:
  MLUI:
    :path: ../

SPEC CHECKSUMS:
  MLNewBoxDependecy: d49518225a0b5ffd159afe7eb014b721e818e138
  MLUI: eefcc16b87e3c9e615007a25a187fde5a9fd19e9

COCOAPODS: 0.33.1
