// !$*UTF8*$!
{
	archiveVersion = 1;
	classes = {
	};
	objectVersion = 46;
	objects = {

/* Begin PBXBuildFile section */
		CD3E9E1819BF6C7E00E55B2E /* Foundation.framework in Frameworks */ = {isa = PBXBuildFile; fileRef = CD3E9E1719BF6C7E00E55B2E /* Foundation.framework */; };
		CD3E9E1A19BF6C7E00E55B2E /* CoreGraphics.framework in Frameworks */ = {isa = PBXBuildFile; fileRef = CD3E9E1919BF6C7E00E55B2E /* CoreGraphics.framework */; };
		CD3E9E1C19BF6C7E00E55B2E /* UIKit.framework in Frameworks */ = {isa = PBXBuildFile; fileRef = CD3E9E1B19BF6C7E00E55B2E /* UIKit.framework */; };
		CD3E9E2219BF6C7E00E55B2E /* InfoPlist.strings in Resources */ = {isa = PBXBuildFile; fileRef = CD3E9E2019BF6C7E00E55B2E /* InfoPlist.strings */; };
		CD3E9E2419BF6C7E00E55B2E /* main.m in Sources */ = {isa = PBXBuildFile; fileRef = CD3E9E2319BF6C7E00E55B2E /* main.m */; };
		CD3E9E2819BF6C7E00E55B2E /* AppDelegate.m in Sources */ = {isa = PBXBuildFile; fileRef = CD3E9E2719BF6C7E00E55B2E /* AppDelegate.m */; };
		CD3E9E2B19BF6C7E00E55B2E /* Main.storyboard in Resources */ = {isa = PBXBuildFile; fileRef = CD3E9E2919BF6C7E00E55B2E /* Main.storyboard */; };
		CD3E9E2E19BF6C7E00E55B2E /* ViewController.m in Sources */ = {isa = PBXBuildFile; fileRef = CD3E9E2D19BF6C7E00E55B2E /* ViewController.m */; };
		CD3E9E3019BF6C7E00E55B2E /* Images.xcassets in Resources */ = {isa = PBXBuildFile; fileRef = CD3E9E2F19BF6C7E00E55B2E /* Images.xcassets */; };
		CD3E9E3719BF6C7E00E55B2E /* XCTest.framework in Frameworks */ = {isa = PBXBuildFile; fileRef = CD3E9E3619BF6C7E00E55B2E /* XCTest.framework */; };
		CD3E9E3819BF6C7E00E55B2E /* Foundation.framework in Frameworks */ = {isa = PBXBuildFile; fileRef = CD3E9E1719BF6C7E00E55B2E /* Foundation.framework */; };
		CD3E9E3919BF6C7E00E55B2E /* UIKit.framework in Frameworks */ = {isa = PBXBuildFile; fileRef = CD3E9E1B19BF6C7E00E55B2E /* UIKit.framework */; };
		CD3E9E4119BF6C7E00E55B2E /* InfoPlist.strings in Resources */ = {isa = PBXBuildFile; fileRef = CD3E9E3F19BF6C7E00E55B2E /* InfoPlist.strings */; };
		CD3E9E4319BF6C7E00E55B2E /* UIExamplesTests.m in Sources */ = {isa = PBXBuildFile; fileRef = CD3E9E4219BF6C7E00E55B2E /* UIExamplesTests.m */; };
/* End PBXBuildFile section */

/* Begin PBXContainerItemProxy section */
		CD3E9E3A19BF6C7E00E55B2E /* PBXContainerItemProxy */ = {
			isa = PBXContainerItemProxy;
			containerPortal = CD3E9E0C19BF6C7E00E55B2E /* Project object */;
			proxyType = 1;
			remoteGlobalIDString = CD3E9E1319BF6C7E00E55B2E;
			remoteInfo = UIExamples;
		};
		CD3E9E9219BF6CB500E55B2E /* PBXContainerItemProxy */ = {
			isa = PBXContainerItemProxy;
			containerPortal = CD3E9E8D19BF6CB400E55B2E /* MLCircleViewExample.xcodeproj */;
			proxyType = 2;
			remoteGlobalIDString = CD3E9E5519BF6CB400E55B2E;
			remoteInfo = MLCircleViewExample;
		};
		CD3E9E9419BF6CB500E55B2E /* PBXContainerItemProxy */ = {
			isa = PBXContainerItemProxy;
			containerPortal = CD3E9E8D19BF6CB400E55B2E /* MLCircleViewExample.xcodeproj */;
			proxyType = 2;
			remoteGlobalIDString = CD3E9E7619BF6CB400E55B2E;
			remoteInfo = MLCircleViewExampleTests;
		};
/* End PBXContainerItemProxy section */

/* Begin PBXFileReference section */
		CD3E9E1419BF6C7E00E55B2E /* UIExamples.app */ = {isa = PBXFileReference; explicitFileType = wrapper.application; includeInIndex = 0; path = UIExamples.app; sourceTree = BUILT_PRODUCTS_DIR; };
		CD3E9E1719BF6C7E00E55B2E /* Foundation.framework */ = {isa = PBXFileReference; lastKnownFileType = wrapper.framework; name = Foundation.framework; path = System/Library/Frameworks/Foundation.framework; sourceTree = SDKROOT; };
		CD3E9E1919BF6C7E00E55B2E /* CoreGraphics.framework */ = {isa = PBXFileReference; lastKnownFileType = wrapper.framework; name = CoreGraphics.framework; path = System/Library/Frameworks/CoreGraphics.framework; sourceTree = SDKROOT; };
		CD3E9E1B19BF6C7E00E55B2E /* UIKit.framework */ = {isa = PBXFileReference; lastKnownFileType = wrapper.framework; name = UIKit.framework; path = System/Library/Frameworks/UIKit.framework; sourceTree = SDKROOT; };
		CD3E9E1F19BF6C7E00E55B2E /* UIExamples-Info.plist */ = {isa = PBXFileReference; lastKnownFileType = text.plist.xml; path = "UIExamples-Info.plist"; sourceTree = "<group>"; };
		CD3E9E2119BF6C7E00E55B2E /* en */ = {isa = PBXFileReference; lastKnownFileType = text.plist.strings; name = en; path = en.lproj/InfoPlist.strings; sourceTree = "<group>"; };
		CD3E9E2319BF6C7E00E55B2E /* main.m */ = {isa = PBXFileReference; lastKnownFileType = sourcecode.c.objc; path = main.m; sourceTree = "<group>"; };
		CD3E9E2519BF6C7E00E55B2E /* UIExamples-Prefix.pch */ = {isa = PBXFileReference; lastKnownFileType = sourcecode.c.h; path = "UIExamples-Prefix.pch"; sourceTree = "<group>"; };
		CD3E9E2619BF6C7E00E55B2E /* AppDelegate.h */ = {isa = PBXFileReference; lastKnownFileType = sourcecode.c.h; path = AppDelegate.h; sourceTree = "<group>"; };
		CD3E9E2719BF6C7E00E55B2E /* AppDelegate.m */ = {isa = PBXFileReference; lastKnownFileType = sourcecode.c.objc; path = AppDelegate.m; sourceTree = "<group>"; };
		CD3E9E2A19BF6C7E00E55B2E /* Base */ = {isa = PBXFileReference; lastKnownFileType = file.storyboard; name = Base; path = Base.lproj/Main.storyboard; sourceTree = "<group>"; };
		CD3E9E2C19BF6C7E00E55B2E /* ViewController.h */ = {isa = PBXFileReference; lastKnownFileType = sourcecode.c.h; path = ViewController.h; sourceTree = "<group>"; };
		CD3E9E2D19BF6C7E00E55B2E /* ViewController.m */ = {isa = PBXFileReference; lastKnownFileType = sourcecode.c.objc; path = ViewController.m; sourceTree = "<group>"; };
		CD3E9E2F19BF6C7E00E55B2E /* Images.xcassets */ = {isa = PBXFileReference; lastKnownFileType = folder.assetcatalog; path = Images.xcassets; sourceTree = "<group>"; };
		CD3E9E3519BF6C7E00E55B2E /* UIExamplesTests.xctest */ = {isa = PBXFileReference; explicitFileType = wrapper.cfbundle; includeInIndex = 0; path = UIExamplesTests.xctest; sourceTree = BUILT_PRODUCTS_DIR; };
		CD3E9E3619BF6C7E00E55B2E /* XCTest.framework */ = {isa = PBXFileReference; lastKnownFileType = wrapper.framework; name = XCTest.framework; path = Library/Frameworks/XCTest.framework; sourceTree = DEVELOPER_DIR; };
		CD3E9E3E19BF6C7E00E55B2E /* UIExamplesTests-Info.plist */ = {isa = PBXFileReference; lastKnownFileType = text.plist.xml; path = "UIExamplesTests-Info.plist"; sourceTree = "<group>"; };
		CD3E9E4019BF6C7E00E55B2E /* en */ = {isa = PBXFileReference; lastKnownFileType = text.plist.strings; name = en; path = en.lproj/InfoPlist.strings; sourceTree = "<group>"; };
		CD3E9E4219BF6C7E00E55B2E /* UIExamplesTests.m */ = {isa = PBXFileReference; lastKnownFileType = sourcecode.c.objc; path = UIExamplesTests.m; sourceTree = "<group>"; };
		CD3E9E8D19BF6CB400E55B2E /* MLCircleViewExample.xcodeproj */ = {isa = PBXFileReference; lastKnownFileType = "wrapper.pb-project"; name = MLCircleViewExample.xcodeproj; path = UIExamples/MLCircleViewExample/MLCircleViewExample.xcodeproj; sourceTree = "<group>"; };
/* End PBXFileReference section */

/* Begin PBXFrameworksBuildPhase section */
		CD3E9E1119BF6C7E00E55B2E /* Frameworks */ = {
			isa = PBXFrameworksBuildPhase;
			buildActionMask = 2147483647;
			files = (
				CD3E9E1A19BF6C7E00E55B2E /* CoreGraphics.framework in Frameworks */,
				CD3E9E1C19BF6C7E00E55B2E /* UIKit.framework in Frameworks */,
				CD3E9E1819BF6C7E00E55B2E /* Foundation.framework in Frameworks */,
			);
			runOnlyForDeploymentPostprocessing = 0;
		};
		CD3E9E3219BF6C7E00E55B2E /* Frameworks */ = {
			isa = PBXFrameworksBuildPhase;
			buildActionMask = 2147483647;
			files = (
				CD3E9E3719BF6C7E00E55B2E /* XCTest.framework in Frameworks */,
				CD3E9E3919BF6C7E00E55B2E /* UIKit.framework in Frameworks */,
				CD3E9E3819BF6C7E00E55B2E /* Foundation.framework in Frameworks */,
			);
			runOnlyForDeploymentPostprocessing = 0;
		};
/* End PBXFrameworksBuildPhase section */

/* Begin PBXGroup section */
		CD3E9E0B19BF6C7E00E55B2E = {
			isa = PBXGroup;
			children = (
				CD3E9E8D19BF6CB400E55B2E /* MLCircleViewExample.xcodeproj */,
				CD3E9E1D19BF6C7E00E55B2E /* UIExamples */,
				CD3E9E3C19BF6C7E00E55B2E /* UIExamplesTests */,
				CD3E9E1619BF6C7E00E55B2E /* Frameworks */,
				CD3E9E1519BF6C7E00E55B2E /* Products */,
			);
			sourceTree = "<group>";
		};
		CD3E9E1519BF6C7E00E55B2E /* Products */ = {
			isa = PBXGroup;
			children = (
				CD3E9E1419BF6C7E00E55B2E /* UIExamples.app */,
				CD3E9E3519BF6C7E00E55B2E /* UIExamplesTests.xctest */,
			);
			name = Products;
			sourceTree = "<group>";
		};
		CD3E9E1619BF6C7E00E55B2E /* Frameworks */ = {
			isa = PBXGroup;
			children = (
				CD3E9E1719BF6C7E00E55B2E /* Foundation.framework */,
				CD3E9E1919BF6C7E00E55B2E /* CoreGraphics.framework */,
				CD3E9E1B19BF6C7E00E55B2E /* UIKit.framework */,
				CD3E9E3619BF6C7E00E55B2E /* XCTest.framework */,
			);
			name = Frameworks;
			sourceTree = "<group>";
		};
		CD3E9E1D19BF6C7E00E55B2E /* UIExamples */ = {
			isa = PBXGroup;
			children = (
				CD3E9E2619BF6C7E00E55B2E /* AppDelegate.h */,
				CD3E9E2719BF6C7E00E55B2E /* AppDelegate.m */,
				CD3E9E2919BF6C7E00E55B2E /* Main.storyboard */,
				CD3E9E2C19BF6C7E00E55B2E /* ViewController.h */,
				CD3E9E2D19BF6C7E00E55B2E /* ViewController.m */,
				CD3E9E2F19BF6C7E00E55B2E /* Images.xcassets */,
				CD3E9E1E19BF6C7E00E55B2E /* Supporting Files */,
			);
			path = UIExamples;
			sourceTree = "<group>";
		};
		CD3E9E1E19BF6C7E00E55B2E /* Supporting Files */ = {
			isa = PBXGroup;
			children = (
				CD3E9E1F19BF6C7E00E55B2E /* UIExamples-Info.plist */,
				CD3E9E2019BF6C7E00E55B2E /* InfoPlist.strings */,
				CD3E9E2319BF6C7E00E55B2E /* main.m */,
				CD3E9E2519BF6C7E00E55B2E /* UIExamples-Prefix.pch */,
			);
			name = "Supporting Files";
			sourceTree = "<group>";
		};
		CD3E9E3C19BF6C7E00E55B2E /* UIExamplesTests */ = {
			isa = PBXGroup;
			children = (
				CD3E9E4219BF6C7E00E55B2E /* UIExamplesTests.m */,
				CD3E9E3D19BF6C7E00E55B2E /* Supporting Files */,
			);
			path = UIExamplesTests;
			sourceTree = "<group>";
		};
		CD3E9E3D19BF6C7E00E55B2E /* Supporting Files */ = {
			isa = PBXGroup;
			children = (
				CD3E9E3E19BF6C7E00E55B2E /* UIExamplesTests-Info.plist */,
				CD3E9E3F19BF6C7E00E55B2E /* InfoPlist.strings */,
			);
			name = "Supporting Files";
			sourceTree = "<group>";
		};
		CD3E9E8E19BF6CB400E55B2E /* Products */ = {
			isa = PBXGroup;
			children = (
				CD3E9E9319BF6CB500E55B2E /* MLCircleViewExample.app */,
				CD3E9E9519BF6CB500E55B2E /* MLCircleViewExampleTests.xctest */,
			);
			name = Products;
			sourceTree = "<group>";
		};
/* End PBXGroup section */

/* Begin PBXNativeTarget section */
		CD3E9E1319BF6C7E00E55B2E /* UIExamples */ = {
			isa = PBXNativeTarget;
			buildConfigurationList = CD3E9E4619BF6C7E00E55B2E /* Build configuration list for PBXNativeTarget "UIExamples" */;
			buildPhases = (
				CD3E9E1019BF6C7E00E55B2E /* Sources */,
				CD3E9E1119BF6C7E00E55B2E /* Frameworks */,
				CD3E9E1219BF6C7E00E55B2E /* Resources */,
			);
			buildRules = (
			);
			dependencies = (
			);
			name = UIExamples;
			productName = UIExamples;
			productReference = CD3E9E1419BF6C7E00E55B2E /* UIExamples.app */;
			productType = "com.apple.product-type.application";
		};
		CD3E9E3419BF6C7E00E55B2E /* UIExamplesTests */ = {
			isa = PBXNativeTarget;
			buildConfigurationList = CD3E9E4919BF6C7E00E55B2E /* Build configuration list for PBXNativeTarget "UIExamplesTests" */;
			buildPhases = (
				CD3E9E3119BF6C7E00E55B2E /* Sources */,
				CD3E9E3219BF6C7E00E55B2E /* Frameworks */,
				CD3E9E3319BF6C7E00E55B2E /* Resources */,
			);
			buildRules = (
			);
			dependencies = (
				CD3E9E3B19BF6C7E00E55B2E /* PBXTargetDependency */,
			);
			name = UIExamplesTests;
			productName = UIExamplesTests;
			productReference = CD3E9E3519BF6C7E00E55B2E /* UIExamplesTests.xctest */;
			productType = "com.apple.product-type.bundle.unit-test";
		};
/* End PBXNativeTarget section */

/* Begin PBXProject section */
		CD3E9E0C19BF6C7E00E55B2E /* Project object */ = {
			isa = PBXProject;
			attributes = {
				LastUpgradeCheck = 0510;
				ORGANIZATIONNAME = MercadoLibre;
				TargetAttributes = {
					CD3E9E3419BF6C7E00E55B2E = {
						TestTargetID = CD3E9E1319BF6C7E00E55B2E;
					};
				};
			};
			buildConfigurationList = CD3E9E0F19BF6C7E00E55B2E /* Build configuration list for PBXProject "UIExamples" */;
			compatibilityVersion = "Xcode 3.2";
			developmentRegion = English;
			hasScannedForEncodings = 0;
			knownRegions = (
				en,
				Base,
			);
			mainGroup = CD3E9E0B19BF6C7E00E55B2E;
			productRefGroup = CD3E9E1519BF6C7E00E55B2E /* Products */;
			projectDirPath = "";
			projectReferences = (
				{
					ProductGroup = CD3E9E8E19BF6CB400E55B2E /* Products */;
					ProjectRef = CD3E9E8D19BF6CB400E55B2E /* MLCircleViewExample.xcodeproj */;
				},
			);
			projectRoot = "";
			targets = (
				CD3E9E1319BF6C7E00E55B2E /* UIExamples */,
				CD3E9E3419BF6C7E00E55B2E /* UIExamplesTests */,
			);
		};
/* End PBXProject section */

/* Begin PBXReferenceProxy section */
		CD3E9E9319BF6CB500E55B2E /* MLCircleViewExample.app */ = {
			isa = PBXReferenceProxy;
			fileType = wrapper.application;
			path = MLCircleViewExample.app;
			remoteRef = CD3E9E9219BF6CB500E55B2E /* PBXContainerItemProxy */;
			sourceTree = BUILT_PRODUCTS_DIR;
		};
		CD3E9E9519BF6CB500E55B2E /* MLCircleViewExampleTests.xctest */ = {
			isa = PBXReferenceProxy;
			fileType = wrapper.cfbundle;
			path = MLCircleViewExampleTests.xctest;
			remoteRef = CD3E9E9419BF6CB500E55B2E /* PBXContainerItemProxy */;
			sourceTree = BUILT_PRODUCTS_DIR;
		};
/* End PBXReferenceProxy section */

/* Begin PBXResourcesBuildPhase section */
		CD3E9E1219BF6C7E00E55B2E /* Resources */ = {
			isa = PBXResourcesBuildPhase;
			buildActionMask = 2147483647;
			files = (
				CD3E9E3019BF6C7E00E55B2E /* Images.xcassets in Resources */,
				CD3E9E2219BF6C7E00E55B2E /* InfoPlist.strings in Resources */,
				CD3E9E2B19BF6C7E00E55B2E /* Main.storyboard in Resources */,
			);
			runOnlyForDeploymentPostprocessing = 0;
		};
		CD3E9E3319BF6C7E00E55B2E /* Resources */ = {
			isa = PBXResourcesBuildPhase;
			buildActionMask = 2147483647;
			files = (
				CD3E9E4119BF6C7E00E55B2E /* InfoPlist.strings in Resources */,
			);
			runOnlyForDeploymentPostprocessing = 0;
		};
/* End PBXResourcesBuildPhase section */

/* Begin PBXSourcesBuildPhase section */
		CD3E9E1019BF6C7E00E55B2E /* Sources */ = {
			isa = PBXSourcesBuildPhase;
			buildActionMask = 2147483647;
			files = (
				CD3E9E2E19BF6C7E00E55B2E /* ViewController.m in Sources */,
				CD3E9E2819BF6C7E00E55B2E /* AppDelegate.m in Sources */,
				CD3E9E2419BF6C7E00E55B2E /* main.m in Sources */,
			);
			runOnlyForDeploymentPostprocessing = 0;
		};
		CD3E9E3119BF6C7E00E55B2E /* Sources */ = {
			isa = PBXSourcesBuildPhase;
			buildActionMask = 2147483647;
			files = (
				CD3E9E4319BF6C7E00E55B2E /* UIExamplesTests.m in Sources */,
			);
			runOnlyForDeploymentPostprocessing = 0;
		};
/* End PBXSourcesBuildPhase section */

/* Begin PBXTargetDependency section */
		CD3E9E3B19BF6C7E00E55B2E /* PBXTargetDependency */ = {
			isa = PBXTargetDependency;
			target = CD3E9E1319BF6C7E00E55B2E /* UIExamples */;
			targetProxy = CD3E9E3A19BF6C7E00E55B2E /* PBXContainerItemProxy */;
		};
/* End PBXTargetDependency section */

/* Begin PBXVariantGroup section */
		CD3E9E2019BF6C7E00E55B2E /* InfoPlist.strings */ = {
			isa = PBXVariantGroup;
			children = (
				CD3E9E2119BF6C7E00E55B2E /* en */,
			);
			name = InfoPlist.strings;
			sourceTree = "<group>";
		};
		CD3E9E2919BF6C7E00E55B2E /* Main.storyboard */ = {
			isa = PBXVariantGroup;
			children = (
				CD3E9E2A19BF6C7E00E55B2E /* Base */,
			);
			name = Main.storyboard;
			sourceTree = "<group>";
		};
		CD3E9E3F19BF6C7E00E55B2E /* InfoPlist.strings */ = {
			isa = PBXVariantGroup;
			children = (
				CD3E9E4019BF6C7E00E55B2E /* en */,
			);
			name = InfoPlist.strings;
			sourceTree = "<group>";
		};
/* End PBXVariantGroup section */

/* Begin XCBuildConfiguration section */
		CD3E9E4419BF6C7E00E55B2E /* Debug */ = {
			isa = XCBuildConfiguration;
			buildSettings = {
				ALWAYS_SEARCH_USER_PATHS = NO;
				CLANG_CXX_LANGUAGE_STANDARD = "gnu++0x";
				CLANG_CXX_LIBRARY = "libc++";
				CLANG_ENABLE_MODULES = YES;
				CLANG_ENABLE_OBJC_ARC = YES;
				CLANG_WARN_BOOL_CONVERSION = YES;
				CLANG_WARN_CONSTANT_CONVERSION = YES;
				CLANG_WARN_DIRECT_OBJC_ISA_USAGE = YES_ERROR;
				CLANG_WARN_EMPTY_BODY = YES;
				CLANG_WARN_ENUM_CONVERSION = YES;
				CLANG_WARN_INT_CONVERSION = YES;
				CLANG_WARN_OBJC_ROOT_CLASS = YES_ERROR;
				CLANG_WARN__DUPLICATE_METHOD_MATCH = YES;
				"CODE_SIGN_IDENTITY[sdk=iphoneos*]" = "iPhone Developer";
				COPY_PHASE_STRIP = NO;
				GCC_C_LANGUAGE_STANDARD = gnu99;
				GCC_DYNAMIC_NO_PIC = NO;
				GCC_OPTIMIZATION_LEVEL = 0;
				GCC_PREPROCESSOR_DEFINITIONS = (
					"DEBUG=1",
					"$(inherited)",
				);
				GCC_SYMBOLS_PRIVATE_EXTERN = NO;
				GCC_WARN_64_TO_32_BIT_CONVERSION = YES;
				GCC_WARN_ABOUT_RETURN_TYPE = YES_ERROR;
				GCC_WARN_UNDECLARED_SELECTOR = YES;
				GCC_WARN_UNINITIALIZED_AUTOS = YES_AGGRESSIVE;
				GCC_WARN_UNUSED_FUNCTION = YES;
				GCC_WARN_UNUSED_VARIABLE = YES;
				IPHONEOS_DEPLOYMENT_TARGET = 7.1;
				ONLY_ACTIVE_ARCH = YES;
				SDKROOT = iphoneos;
			};
			name = Debug;
		};
		CD3E9E4519BF6C7E00E55B2E /* Release */ = {
			isa = XCBuildConfiguration;
			buildSettings = {
				ALWAYS_SEARCH_USER_PATHS = NO;
				CLANG_CXX_LANGUAGE_STANDARD = "gnu++0x";
				CLANG_CXX_LIBRARY = "libc++";
				CLANG_ENABLE_MODULES = YES;
				CLANG_ENABLE_OBJC_ARC = YES;
				CLANG_WARN_BOOL_CONVERSION = YES;
				CLANG_WARN_CONSTANT_CONVERSION = YES;
				CLANG_WARN_DIRECT_OBJC_ISA_USAGE = YES_ERROR;
				CLANG_WARN_EMPTY_BODY = YES;
				CLANG_WARN_ENUM_CONVERSION = YES;
				CLANG_WARN_INT_CONVERSION = YES;
				CLANG_WARN_OBJC_ROOT_CLASS = YES_ERROR;
				CLANG_WARN__DUPLICATE_METHOD_MATCH = YES;
				"CODE_SIGN_IDENTITY[sdk=iphoneos*]" = "iPhone Developer";
				COPY_PHASE_STRIP = YES;
				ENABLE_NS_ASSERTIONS = NO;
				GCC_C_LANGUAGE_STANDARD = gnu99;
				GCC_WARN_64_TO_32_BIT_CONVERSION = YES;
				GCC_WARN_ABOUT_RETURN_TYPE = YES_ERROR;
				GCC_WARN_UNDECLARED_SELECTOR = YES;
				GCC_WARN_UNINITIALIZED_AUTOS = YES_AGGRESSIVE;
				GCC_WARN_UNUSED_FUNCTION = YES;
				GCC_WARN_UNUSED_VARIABLE = YES;
				IPHONEOS_DEPLOYMENT_TARGET = 7.1;
				SDKROOT = iphoneos;
				VALIDATE_PRODUCT = YES;
			};
			name = Release;
		};
		CD3E9E4719BF6C7E00E55B2E /* Debug */ = {
			isa = XCBuildConfiguration;
			buildSettings = {
				ASSETCATALOG_COMPILER_APPICON_NAME = AppIcon;
				ASSETCATALOG_COMPILER_LAUNCHIMAGE_NAME = LaunchImage;
				GCC_PRECOMPILE_PREFIX_HEADER = YES;
				GCC_PREFIX_HEADER = "UIExamples/UIExamples-Prefix.pch";
				INFOPLIST_FILE = "UIExamples/UIExamples-Info.plist";
				PRODUCT_NAME = "$(TARGET_NAME)";
				WRAPPER_EXTENSION = app;
			};
			name = Debug;
		};
		CD3E9E4819BF6C7E00E55B2E /* Release */ = {
			isa = XCBuildConfiguration;
			buildSettings = {
				ASSETCATALOG_COMPILER_APPICON_NAME = AppIcon;
				ASSETCATALOG_COMPILER_LAUNCHIMAGE_NAME = LaunchImage;
				GCC_PRECOMPILE_PREFIX_HEADER = YES;
				GCC_PREFIX_HEADER = "UIExamples/UIExamples-Prefix.pch";
				INFOPLIST_FILE = "UIExamples/UIExamples-Info.plist";
				PRODUCT_NAME = "$(TARGET_NAME)";
				WRAPPER_EXTENSION = app;
			};
			name = Release;
		};
		CD3E9E4A19BF6C7E00E55B2E /* Debug */ = {
			isa = XCBuildConfiguration;
			buildSettings = {
				BUNDLE_LOADER = "$(BUILT_PRODUCTS_DIR)/UIExamples.app/UIExamples";
				FRAMEWORK_SEARCH_PATHS = (
					"$(SDKROOT)/Developer/Library/Frameworks",
					"$(inherited)",
					"$(DEVELOPER_FRAMEWORKS_DIR)",
				);
				GCC_PRECOMPILE_PREFIX_HEADER = YES;
				GCC_PREFIX_HEADER = "UIExamples/UIExamples-Prefix.pch";
				GCC_PREPROCESSOR_DEFINITIONS = (
					"DEBUG=1",
					"$(inherited)",
				);
				INFOPLIST_FILE = "UIExamplesTests/UIExamplesTests-Info.plist";
				PRODUCT_NAME = "$(TARGET_NAME)";
				TEST_HOST = "$(BUNDLE_LOADER)";
				WRAPPER_EXTENSION = xctest;
			};
			name = Debug;
		};
		CD3E9E4B19BF6C7E00E55B2E /* Release */ = {
			isa = XCBuildConfiguration;
			buildSettings = {
				BUNDLE_LOADER = "$(BUILT_PRODUCTS_DIR)/UIExamples.app/UIExamples";
				FRAMEWORK_SEARCH_PATHS = (
					"$(SDKROOT)/Developer/Library/Frameworks",
					"$(inherited)",
					"$(DEVELOPER_FRAMEWORKS_DIR)",
				);
				GCC_PRECOMPILE_PREFIX_HEADER = YES;
				GCC_PREFIX_HEADER = "UIExamples/UIExamples-Prefix.pch";
				INFOPLIST_FILE = "UIExamplesTests/UIExamplesTests-Info.plist";
				PRODUCT_NAME = "$(TARGET_NAME)";
				TEST_HOST = "$(BUNDLE_LOADER)";
				WRAPPER_EXTENSION = xctest;
			};
			name = Release;
		};
/* End XCBuildConfiguration section */

/* Begin XCConfigurationList section */
		CD3E9E0F19BF6C7E00E55B2E /* Build configuration list for PBXProject "UIExamples" */ = {
			isa = XCConfigurationList;
			buildConfigurations = (
				CD3E9E4419BF6C7E00E55B2E /* Debug */,
				CD3E9E4519BF6C7E00E55B2E /* Release */,
			);
			defaultConfigurationIsVisible = 0;
			defaultConfigurationName = Release;
		};
		CD3E9E4619BF6C7E00E55B2E /* Build configuration list for PBXNativeTarget "UIExamples" */ = {
			isa = XCConfigurationList;
			buildConfigurations = (
				CD3E9E4719BF6C7E00E55B2E /* Debug */,
				CD3E9E4819BF6C7E00E55B2E /* Release */,
			);
			defaultConfigurationIsVisible = 0;
		};
		CD3E9E4919BF6C7E00E55B2E /* Build configuration list for PBXNativeTarget "UIExamplesTests" */ = {
			isa = XCConfigurationList;
			buildConfigurations = (
				CD3E9E4A19BF6C7E00E55B2E /* Debug */,
				CD3E9E4B19BF6C7E00E55B2E /* Release */,
			);
			defaultConfigurationIsVisible = 0;
		};
/* End XCConfigurationList section */
	};
	rootObject = CD3E9E0C19BF6C7E00E55B2E /* Project object */;
}
